PODS:
  - Alamofire (4.7.1)
  - Charts (3.1.1):
    - Charts/Core (= 3.1.1)
  - Charts/Core (3.1.1)
  - NVActivityIndicatorView (4.1.1):
    - NVActivityIndicatorView/Presenter (= 4.1.1)
  - NVActivityIndicatorView/Presenter (4.1.1)
  - PinterestSegment (1.2.0)
  - SwiftyJSON (4.0.0)

DEPENDENCIES:
  - Alamofire (~> 4.7)
  - Charts
  - NVActivityIndicatorView
  - PinterestSegment
  - SwiftyJSON

SPEC REPOS:
  https://github.com/CocoaPods/Specs.git:
    - Alamofire
    - Charts
    - NVActivityIndicatorView
    - PinterestSegment
    - SwiftyJSON

SPEC CHECKSUMS:
  Alamofire: 68d7d521118d49c615a8d2214d87cdf525599d30
  Charts: 90a4d61da0f6e06684c591e3bcab11940fe61736
  NVActivityIndicatorView: 60109b9bf46efc2e71ab81453196ccdfdfeea870
  PinterestSegment: d589fce6c62141466b9f36ea8ab0a16fde9ac8f4
  SwiftyJSON: 070dabdcb1beb81b247c65ffa3a79dbbfb3b48aa

PODFILE CHECKSUM: 82e35b01bfb2b963611ae1352852eb8ce876d35c

COCOAPODS: 1.5.0
