// !$*UTF8*$!
{
	archiveVersion = 1;
	classes = {
	};
	objectVersion = 50;
	objects = {

/* Begin PBXBuildFile section */
		8623199320AFD64000C6E46E /* AppDelegate.swift in Sources */ = {isa = PBXBuildFile; fileRef = 8623199220AFD64000C6E46E /* AppDelegate.swift */; };
		8623199520AFD64000C6E46E /* DashboardController.swift in Sources */ = {isa = PBXBuildFile; fileRef = 8623199420AFD64000C6E46E /* DashboardController.swift */; };
		8623199A20AFD64100C6E46E /* Assets.xcassets in Resources */ = {isa = PBXBuildFile; fileRef = 8623199920AFD64100C6E46E /* Assets.xcassets */; };
		8623199D20AFD64100C6E46E /* LaunchScreen.storyboard in Resources */ = {isa = PBXBuildFile; fileRef = 8623199B20AFD64100C6E46E /* LaunchScreen.storyboard */; };
		862319AA20AFD9A100C6E46E /* UIColor.swift in Sources */ = {isa = PBXBuildFile; fileRef = 862319A920AFD9A100C6E46E /* UIColor.swift */; };
		862319AC20AFDC3100C6E46E /* UIImage.swift in Sources */ = {isa = PBXBuildFile; fileRef = 862319AB20AFDC3100C6E46E /* UIImage.swift */; };
		862319AE20AFDD2C00C6E46E /* UIView.swift in Sources */ = {isa = PBXBuildFile; fileRef = 862319AD20AFDD2C00C6E46E /* UIView.swift */; };
		862319B920AFFAD000C6E46E /* Pacifico.ttf in Resources */ = {isa = PBXBuildFile; fileRef = 862319B820AFFAD000C6E46E /* Pacifico.ttf */; };
		862319BB20B0030C00C6E46E /* CALayer.swift in Sources */ = {isa = PBXBuildFile; fileRef = 862319BA20B0030C00C6E46E /* CALayer.swift */; };
		862319BD20B070FA00C6E46E /* HoverWalletCell.swift in Sources */ = {isa = PBXBuildFile; fileRef = 862319BC20B070FA00C6E46E /* HoverWalletCell.swift */; };
		862319BF20B281E700C6E46E /* Constants.swift in Sources */ = {isa = PBXBuildFile; fileRef = 862319BE20B281E700C6E46E /* Constants.swift */; };
		862319C120B2889100C6E46E /* SearchController.swift in Sources */ = {isa = PBXBuildFile; fileRef = 862319C020B2889100C6E46E /* SearchController.swift */; };
		862319C320B28A5200C6E46E /* MenuHeaderCell.swift in Sources */ = {isa = PBXBuildFile; fileRef = 862319C220B28A5200C6E46E /* MenuHeaderCell.swift */; };
		862319C520B28B8F00C6E46E /* SettingsController.swift in Sources */ = {isa = PBXBuildFile; fileRef = 862319C420B28B8F00C6E46E /* SettingsController.swift */; };
		862319C720B28DB500C6E46E /* NSLayoutConstraint.swift in Sources */ = {isa = PBXBuildFile; fileRef = 862319C620B28DB500C6E46E /* NSLayoutConstraint.swift */; };
		862319C920B4171E00C6E46E /* Currency.swift in Sources */ = {isa = PBXBuildFile; fileRef = 862319C820B4171E00C6E46E /* Currency.swift */; };
		862319CB20B41A7D00C6E46E /* SearchCurrencyCell.swift in Sources */ = {isa = PBXBuildFile; fileRef = 862319CA20B41A7D00C6E46E /* SearchCurrencyCell.swift */; };
		862319CD20B44FDD00C6E46E /* MenuContentCell.swift in Sources */ = {isa = PBXBuildFile; fileRef = 862319CC20B44FDD00C6E46E /* MenuContentCell.swift */; };
		862319CF20B4503800C6E46E /* MenuTitleCell.swift in Sources */ = {isa = PBXBuildFile; fileRef = 862319CE20B4503800C6E46E /* MenuTitleCell.swift */; };
		86BD016A20B56D900065CC8B /* HoverFollowedCell.swift in Sources */ = {isa = PBXBuildFile; fileRef = 86BD016920B56D900065CC8B /* HoverFollowedCell.swift */; };
		86BD016D20B830850065CC8B /* HoverEmptyCell.swift in Sources */ = {isa = PBXBuildFile; fileRef = 86BD016C20B830850065CC8B /* HoverEmptyCell.swift */; };
		86BD016F20B849E50065CC8B /* CoinListCell.swift in Sources */ = {isa = PBXBuildFile; fileRef = 86BD016E20B849E50065CC8B /* CoinListCell.swift */; };
		86BD017120B8BB770065CC8B /* CoinDetailController.swift in Sources */ = {isa = PBXBuildFile; fileRef = 86BD017020B8BB770065CC8B /* CoinDetailController.swift */; };
		86BD017320B8E1FE0065CC8B /* CoinGraphCell.swift in Sources */ = {isa = PBXBuildFile; fileRef = 86BD017220B8E1FE0065CC8B /* CoinGraphCell.swift */; };
		86BD017520B8E2A10065CC8B /* CoinInfosCell.swift in Sources */ = {isa = PBXBuildFile; fileRef = 86BD017420B8E2A10065CC8B /* CoinInfosCell.swift */; };
		86BD017920B91B330065CC8B /* APIRouter.swift in Sources */ = {isa = PBXBuildFile; fileRef = 86BD017820B91B330065CC8B /* APIRouter.swift */; };
		86BD017B20B91B4D0065CC8B /* APIClient.swift in Sources */ = {isa = PBXBuildFile; fileRef = 86BD017A20B91B4D0065CC8B /* APIClient.swift */; };
		86BD017D20B91C020065CC8B /* CurrencyController.swift in Sources */ = {isa = PBXBuildFile; fileRef = 86BD017C20B91C020065CC8B /* CurrencyController.swift */; };
		86BD017F20B9A8180065CC8B /* Double.swift in Sources */ = {isa = PBXBuildFile; fileRef = 86BD017E20B9A8180065CC8B /* Double.swift */; };
		86BD018120B9C27B0065CC8B /* StorageController.swift in Sources */ = {isa = PBXBuildFile; fileRef = 86BD018020B9C27B0065CC8B /* StorageController.swift */; };
		86BD018320BC5DD70065CC8B /* UserSettings.swift in Sources */ = {isa = PBXBuildFile; fileRef = 86BD018220BC5DD70065CC8B /* UserSettings.swift */; };
		86BD018520BC663A0065CC8B /* Array.swift in Sources */ = {isa = PBXBuildFile; fileRef = 86BD018420BC663A0065CC8B /* Array.swift */; };
		86BD018920BC6D630065CC8B /* UserSettingsController.swift in Sources */ = {isa = PBXBuildFile; fileRef = 86BD018820BC6D630065CC8B /* UserSettingsController.swift */; };
		86BD018C20BDB5380065CC8B /* DashboardChart.swift in Sources */ = {isa = PBXBuildFile; fileRef = 86BD018B20BDB5380065CC8B /* DashboardChart.swift */; };
		86BD018E20BDB6400065CC8B /* DashboardHotList.swift in Sources */ = {isa = PBXBuildFile; fileRef = 86BD018D20BDB6400065CC8B /* DashboardHotList.swift */; };
		FE6D13C8B0CD9AA730D59096 /* Pods_cryptoboard.framework in Frameworks */ = {isa = PBXBuildFile; fileRef = 5AECE56E8026DE6661182C9E /* Pods_cryptoboard.framework */; };
/* End PBXBuildFile section */

/* Begin PBXFileReference section */
		5AECE56E8026DE6661182C9E /* Pods_cryptoboard.framework */ = {isa = PBXFileReference; explicitFileType = wrapper.framework; includeInIndex = 0; path = Pods_cryptoboard.framework; sourceTree = BUILT_PRODUCTS_DIR; };
		8623198F20AFD64000C6E46E /* cryptoboard.app */ = {isa = PBXFileReference; explicitFileType = wrapper.application; includeInIndex = 0; path = cryptoboard.app; sourceTree = BUILT_PRODUCTS_DIR; };
		8623199220AFD64000C6E46E /* AppDelegate.swift */ = {isa = PBXFileReference; lastKnownFileType = sourcecode.swift; path = AppDelegate.swift; sourceTree = "<group>"; };
		8623199420AFD64000C6E46E /* DashboardController.swift */ = {isa = PBXFileReference; lastKnownFileType = sourcecode.swift; path = DashboardController.swift; sourceTree = "<group>"; };
		8623199920AFD64100C6E46E /* Assets.xcassets */ = {isa = PBXFileReference; lastKnownFileType = folder.assetcatalog; path = Assets.xcassets; sourceTree = "<group>"; };
		8623199C20AFD64100C6E46E /* Base */ = {isa = PBXFileReference; lastKnownFileType = file.storyboard; name = Base; path = Base.lproj/LaunchScreen.storyboard; sourceTree = "<group>"; };
		8623199E20AFD64100C6E46E /* Info.plist */ = {isa = PBXFileReference; lastKnownFileType = text.plist.xml; path = Info.plist; sourceTree = "<group>"; };
		862319A920AFD9A100C6E46E /* UIColor.swift */ = {isa = PBXFileReference; lastKnownFileType = sourcecode.swift; path = UIColor.swift; sourceTree = "<group>"; };
		862319AB20AFDC3100C6E46E /* UIImage.swift */ = {isa = PBXFileReference; lastKnownFileType = sourcecode.swift; path = UIImage.swift; sourceTree = "<group>"; };
		862319AD20AFDD2C00C6E46E /* UIView.swift */ = {isa = PBXFileReference; lastKnownFileType = sourcecode.swift; path = UIView.swift; sourceTree = "<group>"; };
		862319B820AFFAD000C6E46E /* Pacifico.ttf */ = {isa = PBXFileReference; lastKnownFileType = file; path = Pacifico.ttf; sourceTree = "<group>"; };
		862319BA20B0030C00C6E46E /* CALayer.swift */ = {isa = PBXFileReference; lastKnownFileType = sourcecode.swift; path = CALayer.swift; sourceTree = "<group>"; };
		862319BC20B070FA00C6E46E /* HoverWalletCell.swift */ = {isa = PBXFileReference; lastKnownFileType = sourcecode.swift; path = HoverWalletCell.swift; sourceTree = "<group>"; };
		862319BE20B281E700C6E46E /* Constants.swift */ = {isa = PBXFileReference; lastKnownFileType = sourcecode.swift; path = Constants.swift; sourceTree = "<group>"; };
		862319C020B2889100C6E46E /* SearchController.swift */ = {isa = PBXFileReference; lastKnownFileType = sourcecode.swift; path = SearchController.swift; sourceTree = "<group>"; };
		862319C220B28A5200C6E46E /* MenuHeaderCell.swift */ = {isa = PBXFileReference; lastKnownFileType = sourcecode.swift; path = MenuHeaderCell.swift; sourceTree = "<group>"; };
		862319C420B28B8F00C6E46E /* SettingsController.swift */ = {isa = PBXFileReference; lastKnownFileType = sourcecode.swift; path = SettingsController.swift; sourceTree = "<group>"; };
		862319C620B28DB500C6E46E /* NSLayoutConstraint.swift */ = {isa = PBXFileReference; lastKnownFileType = sourcecode.swift; path = NSLayoutConstraint.swift; sourceTree = "<group>"; };
		862319C820B4171E00C6E46E /* Currency.swift */ = {isa = PBXFileReference; lastKnownFileType = sourcecode.swift; path = Currency.swift; sourceTree = "<group>"; };
		862319CA20B41A7D00C6E46E /* SearchCurrencyCell.swift */ = {isa = PBXFileReference; lastKnownFileType = sourcecode.swift; path = SearchCurrencyCell.swift; sourceTree = "<group>"; };
		862319CC20B44FDD00C6E46E /* MenuContentCell.swift */ = {isa = PBXFileReference; lastKnownFileType = sourcecode.swift; path = MenuContentCell.swift; sourceTree = "<group>"; };
		862319CE20B4503800C6E46E /* MenuTitleCell.swift */ = {isa = PBXFileReference; lastKnownFileType = sourcecode.swift; path = MenuTitleCell.swift; sourceTree = "<group>"; };
		86BD016920B56D900065CC8B /* HoverFollowedCell.swift */ = {isa = PBXFileReference; lastKnownFileType = sourcecode.swift; path = HoverFollowedCell.swift; sourceTree = "<group>"; };
		86BD016C20B830850065CC8B /* HoverEmptyCell.swift */ = {isa = PBXFileReference; lastKnownFileType = sourcecode.swift; path = HoverEmptyCell.swift; sourceTree = "<group>"; };
		86BD016E20B849E50065CC8B /* CoinListCell.swift */ = {isa = PBXFileReference; lastKnownFileType = sourcecode.swift; path = CoinListCell.swift; sourceTree = "<group>"; };
		86BD017020B8BB770065CC8B /* CoinDetailController.swift */ = {isa = PBXFileReference; lastKnownFileType = sourcecode.swift; path = CoinDetailController.swift; sourceTree = "<group>"; };
		86BD017220B8E1FE0065CC8B /* CoinGraphCell.swift */ = {isa = PBXFileReference; lastKnownFileType = sourcecode.swift; path = CoinGraphCell.swift; sourceTree = "<group>"; };
		86BD017420B8E2A10065CC8B /* CoinInfosCell.swift */ = {isa = PBXFileReference; lastKnownFileType = sourcecode.swift; path = CoinInfosCell.swift; sourceTree = "<group>"; };
		86BD017820B91B330065CC8B /* APIRouter.swift */ = {isa = PBXFileReference; lastKnownFileType = sourcecode.swift; path = APIRouter.swift; sourceTree = "<group>"; };
		86BD017A20B91B4D0065CC8B /* APIClient.swift */ = {isa = PBXFileReference; lastKnownFileType = sourcecode.swift; path = APIClient.swift; sourceTree = "<group>"; };
		86BD017C20B91C020065CC8B /* CurrencyController.swift */ = {isa = PBXFileReference; lastKnownFileType = sourcecode.swift; path = CurrencyController.swift; sourceTree = "<group>"; };
		86BD017E20B9A8180065CC8B /* Double.swift */ = {isa = PBXFileReference; lastKnownFileType = sourcecode.swift; path = Double.swift; sourceTree = "<group>"; };
		86BD018020B9C27B0065CC8B /* StorageController.swift */ = {isa = PBXFileReference; lastKnownFileType = sourcecode.swift; path = StorageController.swift; sourceTree = "<group>"; };
		86BD018220BC5DD70065CC8B /* UserSettings.swift */ = {isa = PBXFileReference; lastKnownFileType = sourcecode.swift; path = UserSettings.swift; sourceTree = "<group>"; };
		86BD018420BC663A0065CC8B /* Array.swift */ = {isa = PBXFileReference; lastKnownFileType = sourcecode.swift; path = Array.swift; sourceTree = "<group>"; };
		86BD018820BC6D630065CC8B /* UserSettingsController.swift */ = {isa = PBXFileReference; lastKnownFileType = sourcecode.swift; path = UserSettingsController.swift; sourceTree = "<group>"; };
		86BD018B20BDB5380065CC8B /* DashboardChart.swift */ = {isa = PBXFileReference; lastKnownFileType = sourcecode.swift; path = DashboardChart.swift; sourceTree = "<group>"; };
		86BD018D20BDB6400065CC8B /* DashboardHotList.swift */ = {isa = PBXFileReference; lastKnownFileType = sourcecode.swift; path = DashboardHotList.swift; sourceTree = "<group>"; };
		88C9C5A0BA25730005577C54 /* Pods-cryptoboard.release.xcconfig */ = {isa = PBXFileReference; includeInIndex = 1; lastKnownFileType = text.xcconfig; name = "Pods-cryptoboard.release.xcconfig"; path = "Pods/Target Support Files/Pods-cryptoboard/Pods-cryptoboard.release.xcconfig"; sourceTree = "<group>"; };
		A485F1B7133266ACBD55CDC8 /* Pods-cryptoboard.debug.xcconfig */ = {isa = PBXFileReference; includeInIndex = 1; lastKnownFileType = text.xcconfig; name = "Pods-cryptoboard.debug.xcconfig"; path = "Pods/Target Support Files/Pods-cryptoboard/Pods-cryptoboard.debug.xcconfig"; sourceTree = "<group>"; };
/* End PBXFileReference section */

/* Begin PBXFrameworksBuildPhase section */
		8623198C20AFD64000C6E46E /* Frameworks */ = {
			isa = PBXFrameworksBuildPhase;
			buildActionMask = 2147483647;
			files = (
				FE6D13C8B0CD9AA730D59096 /* Pods_cryptoboard.framework in Frameworks */,
			);
			runOnlyForDeploymentPostprocessing = 0;
		};
/* End PBXFrameworksBuildPhase section */

/* Begin PBXGroup section */
		8623198620AFD64000C6E46E = {
			isa = PBXGroup;
			children = (
				8623199120AFD64000C6E46E /* cryptoboard */,
				8623199020AFD64000C6E46E /* Products */,
				B1E3382975715357DA905AA8 /* Pods */,
				BF5B4C87A52BE852D361A9A0 /* Frameworks */,
			);
			sourceTree = "<group>";
		};
		8623199020AFD64000C6E46E /* Products */ = {
			isa = PBXGroup;
			children = (
				8623198F20AFD64000C6E46E /* cryptoboard.app */,
			);
			name = Products;
			sourceTree = "<group>";
		};
		8623199120AFD64000C6E46E /* cryptoboard */ = {
			isa = PBXGroup;
			children = (
				862319A420AFD84500C6E46E /* Models */,
				862319A520AFD84C00C6E46E /* Views */,
				862319A620AFD85100C6E46E /* Controllers */,
				862319A720AFD87300C6E46E /* ModelControllers */,
				862319A820AFD88800C6E46E /* Helpers */,
				862319B120AFF04A00C6E46E /* Fonts */,
				8623199220AFD64000C6E46E /* AppDelegate.swift */,
				862319BE20B281E700C6E46E /* Constants.swift */,
				8623199920AFD64100C6E46E /* Assets.xcassets */,
				8623199B20AFD64100C6E46E /* LaunchScreen.storyboard */,
				8623199E20AFD64100C6E46E /* Info.plist */,
			);
			path = cryptoboard;
			sourceTree = "<group>";
		};
		862319A420AFD84500C6E46E /* Models */ = {
			isa = PBXGroup;
			children = (
				862319C820B4171E00C6E46E /* Currency.swift */,
				86BD018220BC5DD70065CC8B /* UserSettings.swift */,
			);
			path = Models;
			sourceTree = "<group>";
		};
		862319A520AFD84C00C6E46E /* Views */ = {
			isa = PBXGroup;
			children = (
				86BD018A20BDB50E0065CC8B /* Dashboard */,
				86BD016C20B830850065CC8B /* HoverEmptyCell.swift */,
				86BD016920B56D900065CC8B /* HoverFollowedCell.swift */,
				862319BC20B070FA00C6E46E /* HoverWalletCell.swift */,
				86BD017220B8E1FE0065CC8B /* CoinGraphCell.swift */,
				86BD017420B8E2A10065CC8B /* CoinInfosCell.swift */,
				862319CC20B44FDD00C6E46E /* MenuContentCell.swift */,
				862319C220B28A5200C6E46E /* MenuHeaderCell.swift */,
				862319CE20B4503800C6E46E /* MenuTitleCell.swift */,
				862319CA20B41A7D00C6E46E /* SearchCurrencyCell.swift */,
			);
			path = Views;
			sourceTree = "<group>";
		};
		862319A620AFD85100C6E46E /* Controllers */ = {
			isa = PBXGroup;
			children = (
				8623199420AFD64000C6E46E /* DashboardController.swift */,
				862319C420B28B8F00C6E46E /* SettingsController.swift */,
				86BD017020B8BB770065CC8B /* CoinDetailController.swift */,
				862319C020B2889100C6E46E /* SearchController.swift */,
			);
			path = Controllers;
			sourceTree = "<group>";
		};
		862319A720AFD87300C6E46E /* ModelControllers */ = {
			isa = PBXGroup;
			children = (
				86BD017A20B91B4D0065CC8B /* APIClient.swift */,
				86BD017820B91B330065CC8B /* APIRouter.swift */,
				86BD017C20B91C020065CC8B /* CurrencyController.swift */,
				86BD018820BC6D630065CC8B /* UserSettingsController.swift */,
				86BD018020B9C27B0065CC8B /* StorageController.swift */,
			);
			path = ModelControllers;
			sourceTree = "<group>";
		};
		862319A820AFD88800C6E46E /* Helpers */ = {
			isa = PBXGroup;
			children = (
				86BD018420BC663A0065CC8B /* Array.swift */,
				862319BA20B0030C00C6E46E /* CALayer.swift */,
				86BD017E20B9A8180065CC8B /* Double.swift */,
				862319A920AFD9A100C6E46E /* UIColor.swift */,
				862319AB20AFDC3100C6E46E /* UIImage.swift */,
				862319AD20AFDD2C00C6E46E /* UIView.swift */,
				862319C620B28DB500C6E46E /* NSLayoutConstraint.swift */,
			);
			path = Helpers;
			sourceTree = "<group>";
		};
		862319B120AFF04A00C6E46E /* Fonts */ = {
			isa = PBXGroup;
			children = (
				862319B820AFFAD000C6E46E /* Pacifico.ttf */,
			);
			path = Fonts;
			sourceTree = "<group>";
		};
		86BD018A20BDB50E0065CC8B /* Dashboard */ = {
			isa = PBXGroup;
			children = (
				86BD018B20BDB5380065CC8B /* DashboardChart.swift */,
				86BD018D20BDB6400065CC8B /* DashboardHotList.swift */,
				86BD016E20B849E50065CC8B /* CoinListCell.swift */,
			);
			path = Dashboard;
			sourceTree = "<group>";
		};
		B1E3382975715357DA905AA8 /* Pods */ = {
			isa = PBXGroup;
			children = (
				A485F1B7133266ACBD55CDC8 /* Pods-cryptoboard.debug.xcconfig */,
				88C9C5A0BA25730005577C54 /* Pods-cryptoboard.release.xcconfig */,
			);
			name = Pods;
			sourceTree = "<group>";
		};
		BF5B4C87A52BE852D361A9A0 /* Frameworks */ = {
			isa = PBXGroup;
			children = (
				5AECE56E8026DE6661182C9E /* Pods_cryptoboard.framework */,
			);
			name = Frameworks;
			sourceTree = "<group>";
		};
/* End PBXGroup section */

/* Begin PBXNativeTarget section */
		8623198E20AFD64000C6E46E /* cryptoboard */ = {
			isa = PBXNativeTarget;
			buildConfigurationList = 862319A120AFD64100C6E46E /* Build configuration list for PBXNativeTarget "cryptoboard" */;
			buildPhases = (
				A05BF0B3FEED5895F665D948 /* [CP] Check Pods Manifest.lock */,
				8623198B20AFD64000C6E46E /* Sources */,
				8623198C20AFD64000C6E46E /* Frameworks */,
				8623198D20AFD64000C6E46E /* Resources */,
				CEAD35585740E12BB88CF252 /* [CP] Embed Pods Frameworks */,
			);
			buildRules = (
			);
			dependencies = (
			);
			name = cryptoboard;
			productName = cryptoboard;
			productReference = 8623198F20AFD64000C6E46E /* cryptoboard.app */;
			productType = "com.apple.product-type.application";
		};
/* End PBXNativeTarget section */

/* Begin PBXProject section */
		8623198720AFD64000C6E46E /* Project object */ = {
			isa = PBXProject;
			attributes = {
				LastSwiftUpdateCheck = 0930;
				LastUpgradeCheck = 0930;
				ORGANIZATIONNAME = terrazzoni;
				TargetAttributes = {
					8623198E20AFD64000C6E46E = {
						CreatedOnToolsVersion = 9.3.1;
					};
				};
			};
			buildConfigurationList = 8623198A20AFD64000C6E46E /* Build configuration list for PBXProject "cryptoboard" */;
			compatibilityVersion = "Xcode 9.3";
			developmentRegion = en;
			hasScannedForEncodings = 0;
			knownRegions = (
				en,
				Base,
			);
			mainGroup = 8623198620AFD64000C6E46E;
			productRefGroup = 8623199020AFD64000C6E46E /* Products */;
			projectDirPath = "";
			projectRoot = "";
			targets = (
				8623198E20AFD64000C6E46E /* cryptoboard */,
			);
		};
/* End PBXProject section */

/* Begin PBXResourcesBuildPhase section */
		8623198D20AFD64000C6E46E /* Resources */ = {
			isa = PBXResourcesBuildPhase;
			buildActionMask = 2147483647;
			files = (
				8623199D20AFD64100C6E46E /* LaunchScreen.storyboard in Resources */,
				862319B920AFFAD000C6E46E /* Pacifico.ttf in Resources */,
				8623199A20AFD64100C6E46E /* Assets.xcassets in Resources */,
			);
			runOnlyForDeploymentPostprocessing = 0;
		};
/* End PBXResourcesBuildPhase section */

/* Begin PBXShellScriptBuildPhase section */
		A05BF0B3FEED5895F665D948 /* [CP] Check Pods Manifest.lock */ = {
			isa = PBXShellScriptBuildPhase;
			buildActionMask = 2147483647;
			files = (
			);
			inputPaths = (
				"${PODS_PODFILE_DIR_PATH}/Podfile.lock",
				"${PODS_ROOT}/Manifest.lock",
			);
			name = "[CP] Check Pods Manifest.lock";
			outputPaths = (
				"$(DERIVED_FILE_DIR)/Pods-cryptoboard-checkManifestLockResult.txt",
			);
			runOnlyForDeploymentPostprocessing = 0;
			shellPath = /bin/sh;
			shellScript = "diff \"${PODS_PODFILE_DIR_PATH}/Podfile.lock\" \"${PODS_ROOT}/Manifest.lock\" > /dev/null\nif [ $? != 0 ] ; then\n    # print error to STDERR\n    echo \"error: The sandbox is not in sync with the Podfile.lock. Run 'pod install' or update your CocoaPods installation.\" >&2\n    exit 1\nfi\n# This output is used by Xcode 'outputs' to avoid re-running this script phase.\necho \"SUCCESS\" > \"${SCRIPT_OUTPUT_FILE_0}\"\n";
			showEnvVarsInLog = 0;
		};
		CEAD35585740E12BB88CF252 /* [CP] Embed Pods Frameworks */ = {
			isa = PBXShellScriptBuildPhase;
			buildActionMask = 2147483647;
			files = (
			);
			inputPaths = (
				"${SRCROOT}/Pods/Target Support Files/Pods-cryptoboard/Pods-cryptoboard-frameworks.sh",
				"${BUILT_PRODUCTS_DIR}/Alamofire/Alamofire.framework",
				"${BUILT_PRODUCTS_DIR}/Charts/Charts.framework",
				"${BUILT_PRODUCTS_DIR}/PinterestSegment/PinterestSegment.framework",
				"${BUILT_PRODUCTS_DIR}/SwiftyJSON/SwiftyJSON.framework",
			);
			name = "[CP] Embed Pods Frameworks";
			outputPaths = (
				"${TARGET_BUILD_DIR}/${FRAMEWORKS_FOLDER_PATH}/Alamofire.framework",
				"${TARGET_BUILD_DIR}/${FRAMEWORKS_FOLDER_PATH}/Charts.framework",
				"${TARGET_BUILD_DIR}/${FRAMEWORKS_FOLDER_PATH}/PinterestSegment.framework",
				"${TARGET_BUILD_DIR}/${FRAMEWORKS_FOLDER_PATH}/SwiftyJSON.framework",
			);
			runOnlyForDeploymentPostprocessing = 0;
			shellPath = /bin/sh;
			shellScript = "\"${SRCROOT}/Pods/Target Support Files/Pods-cryptoboard/Pods-cryptoboard-frameworks.sh\"\n";
			showEnvVarsInLog = 0;
		};
/* End PBXShellScriptBuildPhase section */

/* Begin PBXSourcesBuildPhase section */
		8623198B20AFD64000C6E46E /* Sources */ = {
			isa = PBXSourcesBuildPhase;
			buildActionMask = 2147483647;
			files = (
				86BD018320BC5DD70065CC8B /* UserSettings.swift in Sources */,
				862319C320B28A5200C6E46E /* MenuHeaderCell.swift in Sources */,
				86BD017920B91B330065CC8B /* APIRouter.swift in Sources */,
				8623199520AFD64000C6E46E /* DashboardController.swift in Sources */,
				86BD017520B8E2A10065CC8B /* CoinInfosCell.swift in Sources */,
				862319AC20AFDC3100C6E46E /* UIImage.swift in Sources */,
				86BD017F20B9A8180065CC8B /* Double.swift in Sources */,
				862319BD20B070FA00C6E46E /* HoverWalletCell.swift in Sources */,
				86BD018C20BDB5380065CC8B /* DashboardChart.swift in Sources */,
				86BD017120B8BB770065CC8B /* CoinDetailController.swift in Sources */,
				862319AE20AFDD2C00C6E46E /* UIView.swift in Sources */,
				86BD017B20B91B4D0065CC8B /* APIClient.swift in Sources */,
				86BD016D20B830850065CC8B /* HoverEmptyCell.swift in Sources */,
				862319CF20B4503800C6E46E /* MenuTitleCell.swift in Sources */,
				862319C520B28B8F00C6E46E /* SettingsController.swift in Sources */,
				86BD016A20B56D900065CC8B /* HoverFollowedCell.swift in Sources */,
				86BD017D20B91C020065CC8B /* CurrencyController.swift in Sources */,
				862319BB20B0030C00C6E46E /* CALayer.swift in Sources */,
				862319C720B28DB500C6E46E /* NSLayoutConstraint.swift in Sources */,
				862319C920B4171E00C6E46E /* Currency.swift in Sources */,
				86BD018120B9C27B0065CC8B /* StorageController.swift in Sources */,
				862319AA20AFD9A100C6E46E /* UIColor.swift in Sources */,
				86BD016F20B849E50065CC8B /* CoinListCell.swift in Sources */,
				862319CD20B44FDD00C6E46E /* MenuContentCell.swift in Sources */,
				86BD017320B8E1FE0065CC8B /* CoinGraphCell.swift in Sources */,
				86BD018520BC663A0065CC8B /* Array.swift in Sources */,
				86BD018920BC6D630065CC8B /* UserSettingsController.swift in Sources */,
				862319CB20B41A7D00C6E46E /* SearchCurrencyCell.swift in Sources */,
				8623199320AFD64000C6E46E /* AppDelegate.swift in Sources */,
				862319C120B2889100C6E46E /* SearchController.swift in Sources */,
				862319BF20B281E700C6E46E /* Constants.swift in Sources */,
				86BD018E20BDB6400065CC8B /* DashboardHotList.swift in Sources */,
			);
			runOnlyForDeploymentPostprocessing = 0;
		};
/* End PBXSourcesBuildPhase section */

/* Begin PBXVariantGroup section */
		8623199B20AFD64100C6E46E /* LaunchScreen.storyboard */ = {
			isa = PBXVariantGroup;
			children = (
				8623199C20AFD64100C6E46E /* Base */,
			);
			name = LaunchScreen.storyboard;
			sourceTree = "<group>";
		};
/* End PBXVariantGroup section */

/* Begin XCBuildConfiguration section */
		8623199F20AFD64100C6E46E /* Debug */ = {
			isa = XCBuildConfiguration;
			buildSettings = {
				ALWAYS_SEARCH_USER_PATHS = NO;
				CLANG_ANALYZER_NONNULL = YES;
				CLANG_ANALYZER_NUMBER_OBJECT_CONVERSION = YES_AGGRESSIVE;
				CLANG_CXX_LANGUAGE_STANDARD = "gnu++14";
				CLANG_CXX_LIBRARY = "libc++";
				CLANG_ENABLE_MODULES = YES;
				CLANG_ENABLE_OBJC_ARC = YES;
				CLANG_ENABLE_OBJC_WEAK = YES;
				CLANG_WARN_BLOCK_CAPTURE_AUTORELEASING = YES;
				CLANG_WARN_BOOL_CONVERSION = YES;
				CLANG_WARN_COMMA = YES;
				CLANG_WARN_CONSTANT_CONVERSION = YES;
				CLANG_WARN_DEPRECATED_OBJC_IMPLEMENTATIONS = YES;
				CLANG_WARN_DIRECT_OBJC_ISA_USAGE = YES_ERROR;
				CLANG_WARN_DOCUMENTATION_COMMENTS = YES;
				CLANG_WARN_EMPTY_BODY = YES;
				CLANG_WARN_ENUM_CONVERSION = YES;
				CLANG_WARN_INFINITE_RECURSION = YES;
				CLANG_WARN_INT_CONVERSION = YES;
				CLANG_WARN_NON_LITERAL_NULL_CONVERSION = YES;
				CLANG_WARN_OBJC_IMPLICIT_RETAIN_SELF = YES;
				CLANG_WARN_OBJC_LITERAL_CONVERSION = YES;
				CLANG_WARN_OBJC_ROOT_CLASS = YES_ERROR;
				CLANG_WARN_RANGE_LOOP_ANALYSIS = YES;
				CLANG_WARN_STRICT_PROTOTYPES = YES;
				CLANG_WARN_SUSPICIOUS_MOVE = YES;
				CLANG_WARN_UNGUARDED_AVAILABILITY = YES_AGGRESSIVE;
				CLANG_WARN_UNREACHABLE_CODE = YES;
				CLANG_WARN__DUPLICATE_METHOD_MATCH = YES;
				CODE_SIGN_IDENTITY = "iPhone Developer";
				COPY_PHASE_STRIP = NO;
				DEBUG_INFORMATION_FORMAT = dwarf;
				ENABLE_STRICT_OBJC_MSGSEND = YES;
				ENABLE_TESTABILITY = YES;
				GCC_C_LANGUAGE_STANDARD = gnu11;
				GCC_DYNAMIC_NO_PIC = NO;
				GCC_NO_COMMON_BLOCKS = YES;
				GCC_OPTIMIZATION_LEVEL = 0;
				GCC_PREPROCESSOR_DEFINITIONS = (
					"DEBUG=1",
					"$(inherited)",
				);
				GCC_WARN_64_TO_32_BIT_CONVERSION = YES;
				GCC_WARN_ABOUT_RETURN_TYPE = YES_ERROR;
				GCC_WARN_UNDECLARED_SELECTOR = YES;
				GCC_WARN_UNINITIALIZED_AUTOS = YES_AGGRESSIVE;
				GCC_WARN_UNUSED_FUNCTION = YES;
				GCC_WARN_UNUSED_VARIABLE = YES;
				IPHONEOS_DEPLOYMENT_TARGET = 11.3;
				MTL_ENABLE_DEBUG_INFO = YES;
				ONLY_ACTIVE_ARCH = YES;
				SDKROOT = iphoneos;
				SWIFT_ACTIVE_COMPILATION_CONDITIONS = DEBUG;
				SWIFT_OPTIMIZATION_LEVEL = "-Onone";
			};
			name = Debug;
		};
		862319A020AFD64100C6E46E /* Release */ = {
			isa = XCBuildConfiguration;
			buildSettings = {
				ALWAYS_SEARCH_USER_PATHS = NO;
				CLANG_ANALYZER_NONNULL = YES;
				CLANG_ANALYZER_NUMBER_OBJECT_CONVERSION = YES_AGGRESSIVE;
				CLANG_CXX_LANGUAGE_STANDARD = "gnu++14";
				CLANG_CXX_LIBRARY = "libc++";
				CLANG_ENABLE_MODULES = YES;
				CLANG_ENABLE_OBJC_ARC = YES;
				CLANG_ENABLE_OBJC_WEAK = YES;
				CLANG_WARN_BLOCK_CAPTURE_AUTORELEASING = YES;
				CLANG_WARN_BOOL_CONVERSION = YES;
				CLANG_WARN_COMMA = YES;
				CLANG_WARN_CONSTANT_CONVERSION = YES;
				CLANG_WARN_DEPRECATED_OBJC_IMPLEMENTATIONS = YES;
				CLANG_WARN_DIRECT_OBJC_ISA_USAGE = YES_ERROR;
				CLANG_WARN_DOCUMENTATION_COMMENTS = YES;
				CLANG_WARN_EMPTY_BODY = YES;
				CLANG_WARN_ENUM_CONVERSION = YES;
				CLANG_WARN_INFINITE_RECURSION = YES;
				CLANG_WARN_INT_CONVERSION = YES;
				CLANG_WARN_NON_LITERAL_NULL_CONVERSION = YES;
				CLANG_WARN_OBJC_IMPLICIT_RETAIN_SELF = YES;
				CLANG_WARN_OBJC_LITERAL_CONVERSION = YES;
				CLANG_WARN_OBJC_ROOT_CLASS = YES_ERROR;
				CLANG_WARN_RANGE_LOOP_ANALYSIS = YES;
				CLANG_WARN_STRICT_PROTOTYPES = YES;
				CLANG_WARN_SUSPICIOUS_MOVE = YES;
				CLANG_WARN_UNGUARDED_AVAILABILITY = YES_AGGRESSIVE;
				CLANG_WARN_UNREACHABLE_CODE = YES;
				CLANG_WARN__DUPLICATE_METHOD_MATCH = YES;
				CODE_SIGN_IDENTITY = "iPhone Developer";
				COPY_PHASE_STRIP = NO;
				DEBUG_INFORMATION_FORMAT = "dwarf-with-dsym";
				ENABLE_NS_ASSERTIONS = NO;
				ENABLE_STRICT_OBJC_MSGSEND = YES;
				GCC_C_LANGUAGE_STANDARD = gnu11;
				GCC_NO_COMMON_BLOCKS = YES;
				GCC_WARN_64_TO_32_BIT_CONVERSION = YES;
				GCC_WARN_ABOUT_RETURN_TYPE = YES_ERROR;
				GCC_WARN_UNDECLARED_SELECTOR = YES;
				GCC_WARN_UNINITIALIZED_AUTOS = YES_AGGRESSIVE;
				GCC_WARN_UNUSED_FUNCTION = YES;
				GCC_WARN_UNUSED_VARIABLE = YES;
				IPHONEOS_DEPLOYMENT_TARGET = 11.3;
				MTL_ENABLE_DEBUG_INFO = NO;
				SDKROOT = iphoneos;
				SWIFT_COMPILATION_MODE = wholemodule;
				SWIFT_OPTIMIZATION_LEVEL = "-O";
				VALIDATE_PRODUCT = YES;
			};
			name = Release;
		};
		862319A220AFD64100C6E46E /* Debug */ = {
			isa = XCBuildConfiguration;
			baseConfigurationReference = A485F1B7133266ACBD55CDC8 /* Pods-cryptoboard.debug.xcconfig */;
			buildSettings = {
				ASSETCATALOG_COMPILER_APPICON_NAME = AppIcon;
				CODE_SIGN_STYLE = Automatic;
				DEVELOPMENT_TEAM = 4Y5MQ798BS;
				INFOPLIST_FILE = cryptoboard/Info.plist;
				LD_RUNPATH_SEARCH_PATHS = (
					"$(inherited)",
					"@executable_path/Frameworks",
				);
				PRODUCT_BUNDLE_IDENTIFIER = personnal.cryptoboard;
				PRODUCT_NAME = "$(TARGET_NAME)";
				SWIFT_VERSION = 4.0;
				TARGETED_DEVICE_FAMILY = 1;
			};
			name = Debug;
		};
		862319A320AFD64100C6E46E /* Release */ = {
			isa = XCBuildConfiguration;
			baseConfigurationReference = 88C9C5A0BA25730005577C54 /* Pods-cryptoboard.release.xcconfig */;
			buildSettings = {
				ASSETCATALOG_COMPILER_APPICON_NAME = AppIcon;
				CODE_SIGN_STYLE = Automatic;
				DEVELOPMENT_TEAM = 4Y5MQ798BS;
				INFOPLIST_FILE = cryptoboard/Info.plist;
				LD_RUNPATH_SEARCH_PATHS = (
					"$(inherited)",
					"@executable_path/Frameworks",
				);
				PRODUCT_BUNDLE_IDENTIFIER = personnal.cryptoboard;
				PRODUCT_NAME = "$(TARGET_NAME)";
				SWIFT_VERSION = 4.0;
				TARGETED_DEVICE_FAMILY = 1;
			};
			name = Release;
		};
/* End XCBuildConfiguration section */

/* Begin XCConfigurationList section */
		8623198A20AFD64000C6E46E /* Build configuration list for PBXProject "cryptoboard" */ = {
			isa = XCConfigurationList;
			buildConfigurations = (
				8623199F20AFD64100C6E46E /* Debug */,
				862319A020AFD64100C6E46E /* Release */,
			);
			defaultConfigurationIsVisible = 0;
			defaultConfigurationName = Release;
		};
		862319A120AFD64100C6E46E /* Build configuration list for PBXNativeTarget "cryptoboard" */ = {
			isa = XCConfigurationList;
			buildConfigurations = (
				862319A220AFD64100C6E46E /* Debug */,
				862319A320AFD64100C6E46E /* Release */,
			);
			defaultConfigurationIsVisible = 0;
			defaultConfigurationName = Release;
		};
/* End XCConfigurationList section */
	};
	rootObject = 8623198720AFD64000C6E46E /* Project object */;
}
